// !$*UTF8*$!
{
	archiveVersion = 1;
	classes = {
	};
	objectVersion = 54;
	objects = {

/* Begin PBXBuildFile section */
		0C80B921A6F3F58F76C31292 /* libPods-ZapTasks.a in Frameworks */ = {isa = PBXBuildFile; fileRef = 5DCACB8F33CDC322A6C60F78 /* libPods-ZapTasks.a */; };
		13B07FBF1A68108700A75B9A /* Images.xcassets in Resources */ = {isa = PBXBuildFile; fileRef = 13B07FB51A68108700A75B9A /* Images.xcassets */; };
		761780ED2CA45674006654EE /* AppDelegate.swift in Sources */ = {isa = PBXBuildFile; fileRef = 761780EC2CA45674006654EE /* AppDelegate.swift */; };
		81AB9BB82411601600AC10FF /* LaunchScreen.storyboard in Resources */ = {isa = PBXBuildFile; fileRef = 81AB9BB72411601600AC10FF /* LaunchScreen.storyboard */; };
		94CB6930E95648ABBC271E08 /* MozillaHeadline-Bold.ttf in Resources */ = {isa = PBXBuildFile; fileRef = 261FEE3BEBA14DF4BD187663 /* MozillaHeadline-Bold.ttf */; };
		999414CF27614BB184FD8511 /* MozillaHeadline-ExtraLight.ttf in Resources */ = {isa = PBXBuildFile; fileRef = 396532FCD8ED4FD9987CCF71 /* MozillaHeadline-ExtraLight.ttf */; };
		B4C77DA917BD434D8B6A90A1 /* MozillaHeadline-Light.ttf in Resources */ = {isa = PBXBuildFile; fileRef = 778BDA97B5804038A626C2A6 /* MozillaHeadline-Light.ttf */; };
		99438DF0147E442C9F6A629A /* MozillaHeadline-Medium.ttf in Resources */ = {isa = PBXBuildFile; fileRef = CA150751BF8F4801870207B9 /* MozillaHeadline-Medium.ttf */; };
		1E082AA9F3B142FE85763E66 /* MozillaHeadline-Regular.ttf in Resources */ = {isa = PBXBuildFile; fileRef = 4170F1010E46499192C3B299 /* MozillaHeadline-Regular.ttf */; };
		696959B4D92F45CE81F0782F /* MozillaHeadline-SemiBold.ttf in Resources */ = {isa = PBXBuildFile; fileRef = 0954997582734052A3434815 /* MozillaHeadline-SemiBold.ttf */; };
		C3A582B3692D454185E19FC8 /* MozillaHeadline_Condensed-Bold.ttf in Resources */ = {isa = PBXBuildFile; fileRef = FC0097AE00A041AA86B6DD90 /* MozillaHeadline_Condensed-Bold.ttf */; };
		4035C92319DA419C9E3CA575 /* MozillaHeadline_Condensed-ExtraLight.ttf in Resources */ = {isa = PBXBuildFile; fileRef = D8BE2CB62C104B20B4E1BB9A /* MozillaHeadline_Condensed-ExtraLight.ttf */; };
		3C7A243FDBF845828CB59C0C /* MozillaHeadline_Condensed-Light.ttf in Resources */ = {isa = PBXBuildFile; fileRef = CD4FFDE16C7E4E24825C105B /* MozillaHeadline_Condensed-Light.ttf */; };
		6E4132834FEC44309511E0AB /* MozillaHeadline_Condensed-Medium.ttf in Resources */ = {isa = PBXBuildFile; fileRef = 789EAAAF41F04EACB1C83797 /* MozillaHeadline_Condensed-Medium.ttf */; };
		ED88FFB6CB8443B8A7E12965 /* MozillaHeadline_Condensed-Regular.ttf in Resources */ = {isa = PBXBuildFile; fileRef = 208E1C71F7DE4D50A2DDD3C0 /* MozillaHeadline_Condensed-Regular.ttf */; };
		D42B6467A61B420EBEC48A08 /* MozillaHeadline_Condensed-SemiBold.ttf in Resources */ = {isa = PBXBuildFile; fileRef = 8981C4AF13E149AC9F0F47C3 /* MozillaHeadline_Condensed-SemiBold.ttf */; };
		2D04E0EDD0854E399A9748B1 /* MozillaHeadline_Expanded-Bold.ttf in Resources */ = {isa = PBXBuildFile; fileRef = F519E519F4B4449AA10A87F0 /* MozillaHeadline_Expanded-Bold.ttf */; };
		C7F6CEC9D2A9422DAB281F36 /* MozillaHeadline_Expanded-ExtraLight.ttf in Resources */ = {isa = PBXBuildFile; fileRef = 7352ADC8BB484501A02E3ADD /* MozillaHeadline_Expanded-ExtraLight.ttf */; };
		1455448A5C3242A2B97D9751 /* MozillaHeadline_Expanded-Light.ttf in Resources */ = {isa = PBXBuildFile; fileRef = 14D5AB193578495F8F6E46E5 /* MozillaHeadline_Expanded-Light.ttf */; };
		F3024F59C3DC4B7991CD852F /* MozillaHeadline_Expanded-Medium.ttf in Resources */ = {isa = PBXBuildFile; fileRef = E79F3676C06C4689A13D99E0 /* MozillaHeadline_Expanded-Medium.ttf */; };
		A448F016442941D58DDB59FB /* MozillaHeadline_Expanded-Regular.ttf in Resources */ = {isa = PBXBuildFile; fileRef = 07B688AFFD9C486289444CB0 /* MozillaHeadline_Expanded-Regular.ttf */; };
		2D415B178D984D8392DA203F /* MozillaHeadline_Expanded-SemiBold.ttf in Resources */ = {isa = PBXBuildFile; fileRef = 4AC56DD9B29943E0B7BE0023 /* MozillaHeadline_Expanded-SemiBold.ttf */; };
		E93C0296335F427C86AD1501 /* MozillaHeadline_SemiCondensed-Bold.ttf in Resources */ = {isa = PBXBuildFile; fileRef = 0EA742862C734381BF4BBC67 /* MozillaHeadline_SemiCondensed-Bold.ttf */; };
		71D78A8689AE40CC8F25BCF1 /* MozillaHeadline_SemiCondensed-ExtraLight.ttf in Resources */ = {isa = PBXBuildFile; fileRef = 36DC744A647C40318B8303EE /* MozillaHeadline_SemiCondensed-ExtraLight.ttf */; };
		D6EB7627BB8B411CBF926FF9 /* MozillaHeadline_SemiCondensed-Light.ttf in Resources */ = {isa = PBXBuildFile; fileRef = 549F1F23472A47118E3B6C75 /* MozillaHeadline_SemiCondensed-Light.ttf */; };
		F46D41A462CF472CAF7718A4 /* MozillaHeadline_SemiCondensed-Medium.ttf in Resources */ = {isa = PBXBuildFile; fileRef = 6BFA71AA3C5343A9A1C8A477 /* MozillaHeadline_SemiCondensed-Medium.ttf */; };
		0679EDE73C944665A6BD5713 /* MozillaHeadline_SemiCondensed-Regular.ttf in Resources */ = {isa = PBXBuildFile; fileRef = FC4CDAF0B1C6484B907618DD /* MozillaHeadline_SemiCondensed-Regular.ttf */; };
		428670A6D0BD4E3D850F32BF /* MozillaHeadline_SemiCondensed-SemiBold.ttf in Resources */ = {isa = PBXBuildFile; fileRef = B44FFC8704D84926BD7508E6 /* MozillaHeadline_SemiCondensed-SemiBold.ttf */; };
		214BA5C5343046F79ABC2A11 /* MozillaHeadline_SemiExpanded-Bold.ttf in Resources */ = {isa = PBXBuildFile; fileRef = 90CDBEB1BBED42FDBD04FB8E /* MozillaHeadline_SemiExpanded-Bold.ttf */; };
		1E50730C70F94E1CB329A417 /* MozillaHeadline_SemiExpanded-ExtraLight.ttf in Resources */ = {isa = PBXBuildFile; fileRef = A9E3136D852447449B7A05AF /* MozillaHeadline_SemiExpanded-ExtraLight.ttf */; };
		9A05F84F3CCE47AA8E4C1838 /* MozillaHeadline_SemiExpanded-Light.ttf in Resources */ = {isa = PBXBuildFile; fileRef = 6035E0B900D846A2B81B782E /* MozillaHeadline_SemiExpanded-Light.ttf */; };
		D3D222AF9CEF4CBA8D76BE32 /* MozillaHeadline_SemiExpanded-Medium.ttf in Resources */ = {isa = PBXBuildFile; fileRef = 1BE68D3E58E5484AA2EAF335 /* MozillaHeadline_SemiExpanded-Medium.ttf */; };
		A02E21CEE47740178EB3A25E /* MozillaHeadline_SemiExpanded-Regular.ttf in Resources */ = {isa = PBXBuildFile; fileRef = 0245BC4185664B61BD25A6B3 /* MozillaHeadline_SemiExpanded-Regular.ttf */; };
		A60FBAEB293B4FB98F6C75DF /* MozillaHeadline_SemiExpanded-SemiBold.ttf in Resources */ = {isa = PBXBuildFile; fileRef = 8811346FF3B94E049BA2EAE8 /* MozillaHeadline_SemiExpanded-SemiBold.ttf */; };
/* End PBXBuildFile section */

/* Begin PBXFileReference section */
		13B07F961A680F5B00A75B9A /* ZapTasks.app */ = {isa = PBXFileReference; explicitFileType = wrapper.application; includeInIndex = 0; path = ZapTasks.app; sourceTree = BUILT_PRODUCTS_DIR; };
		13B07FB51A68108700A75B9A /* Images.xcassets */ = {isa = PBXFileReference; lastKnownFileType = folder.assetcatalog; name = Images.xcassets; path = ZapTasks/Images.xcassets; sourceTree = "<group>"; };
		13B07FB61A68108700A75B9A /* Info.plist */ = {isa = PBXFileReference; fileEncoding = 4; lastKnownFileType = text.plist.xml; name = Info.plist; path = ZapTasks/Info.plist; sourceTree = "<group>"; };
		13B07FB81A68108700A75B9A /* PrivacyInfo.xcprivacy */ = {isa = PBXFileReference; fileEncoding = 4; lastKnownFileType = text.plist.xml; name = PrivacyInfo.xcprivacy; path = ZapTasks/PrivacyInfo.xcprivacy; sourceTree = "<group>"; };
		3B4392A12AC88292D35C810B /* Pods-ZapTasks.debug.xcconfig */ = {isa = PBXFileReference; includeInIndex = 1; lastKnownFileType = text.xcconfig; name = "Pods-ZapTasks.debug.xcconfig"; path = "Target Support Files/Pods-ZapTasks/Pods-ZapTasks.debug.xcconfig"; sourceTree = "<group>"; };
		5709B34CF0A7D63546082F79 /* Pods-ZapTasks.release.xcconfig */ = {isa = PBXFileReference; includeInIndex = 1; lastKnownFileType = text.xcconfig; name = "Pods-ZapTasks.release.xcconfig"; path = "Target Support Files/Pods-ZapTasks/Pods-ZapTasks.release.xcconfig"; sourceTree = "<group>"; };
		5DCACB8F33CDC322A6C60F78 /* libPods-ZapTasks.a */ = {isa = PBXFileReference; explicitFileType = archive.ar; includeInIndex = 0; path = "libPods-ZapTasks.a"; sourceTree = BUILT_PRODUCTS_DIR; };
		761780EC2CA45674006654EE /* AppDelegate.swift */ = {isa = PBXFileReference; lastKnownFileType = sourcecode.swift; name = AppDelegate.swift; path = ZapTasks/AppDelegate.swift; sourceTree = "<group>"; };
		81AB9BB72411601600AC10FF /* LaunchScreen.storyboard */ = {isa = PBXFileReference; fileEncoding = 4; lastKnownFileType = file.storyboard; name = LaunchScreen.storyboard; path = ZapTasks/LaunchScreen.storyboard; sourceTree = "<group>"; };
		ED297162215061F000B7C4FE /* JavaScriptCore.framework */ = {isa = PBXFileReference; lastKnownFileType = wrapper.framework; name = JavaScriptCore.framework; path = System/Library/Frameworks/JavaScriptCore.framework; sourceTree = SDKROOT; };
		261FEE3BEBA14DF4BD187663 /* MozillaHeadline-Bold.ttf */ = {isa = PBXFileReference; name = "MozillaHeadline-Bold.ttf"; path = "../Assest/Fonts/MozillaHeadline-Bold.ttf"; sourceTree = "<group>"; fileEncoding = undefined; lastKnownFileType = unknown; explicitFileType = undefined; includeInIndex = 0; };
		396532FCD8ED4FD9987CCF71 /* MozillaHeadline-ExtraLight.ttf */ = {isa = PBXFileReference; name = "MozillaHeadline-ExtraLight.ttf"; path = "../Assest/Fonts/MozillaHeadline-ExtraLight.ttf"; sourceTree = "<group>"; fileEncoding = undefined; lastKnownFileType = unknown; explicitFileType = undefined; includeInIndex = 0; };
		778BDA97B5804038A626C2A6 /* MozillaHeadline-Light.ttf */ = {isa = PBXFileReference; name = "MozillaHeadline-Light.ttf"; path = "../Assest/Fonts/MozillaHeadline-Light.ttf"; sourceTree = "<group>"; fileEncoding = undefined; lastKnownFileType = unknown; explicitFileType = undefined; includeInIndex = 0; };
		CA150751BF8F4801870207B9 /* MozillaHeadline-Medium.ttf */ = {isa = PBXFileReference; name = "MozillaHeadline-Medium.ttf"; path = "../Assest/Fonts/MozillaHeadline-Medium.ttf"; sourceTree = "<group>"; fileEncoding = undefined; lastKnownFileType = unknown; explicitFileType = undefined; includeInIndex = 0; };
		4170F1010E46499192C3B299 /* MozillaHeadline-Regular.ttf */ = {isa = PBXFileReference; name = "MozillaHeadline-Regular.ttf"; path = "../Assest/Fonts/MozillaHeadline-Regular.ttf"; sourceTree = "<group>"; fileEncoding = undefined; lastKnownFileType = unknown; explicitFileType = undefined; includeInIndex = 0; };
		0954997582734052A3434815 /* MozillaHeadline-SemiBold.ttf */ = {isa = PBXFileReference; name = "MozillaHeadline-SemiBold.ttf"; path = "../Assest/Fonts/MozillaHeadline-SemiBold.ttf"; sourceTree = "<group>"; fileEncoding = undefined; lastKnownFileType = unknown; explicitFileType = undefined; includeInIndex = 0; };
		FC0097AE00A041AA86B6DD90 /* MozillaHeadline_Condensed-Bold.ttf */ = {isa = PBXFileReference; name = "MozillaHeadline_Condensed-Bold.ttf"; path = "../Assest/Fonts/MozillaHeadline_Condensed-Bold.ttf"; sourceTree = "<group>"; fileEncoding = undefined; lastKnownFileType = unknown; explicitFileType = undefined; includeInIndex = 0; };
		D8BE2CB62C104B20B4E1BB9A /* MozillaHeadline_Condensed-ExtraLight.ttf */ = {isa = PBXFileReference; name = "MozillaHeadline_Condensed-ExtraLight.ttf"; path = "../Assest/Fonts/MozillaHeadline_Condensed-ExtraLight.ttf"; sourceTree = "<group>"; fileEncoding = undefined; lastKnownFileType = unknown; explicitFileType = undefined; includeInIndex = 0; };
		CD4FFDE16C7E4E24825C105B /* MozillaHeadline_Condensed-Light.ttf */ = {isa = PBXFileReference; name = "MozillaHeadline_Condensed-Light.ttf"; path = "../Assest/Fonts/MozillaHeadline_Condensed-Light.ttf"; sourceTree = "<group>"; fileEncoding = undefined; lastKnownFileType = unknown; explicitFileType = undefined; includeInIndex = 0; };
		789EAAAF41F04EACB1C83797 /* MozillaHeadline_Condensed-Medium.ttf */ = {isa = PBXFileReference; name = "MozillaHeadline_Condensed-Medium.ttf"; path = "../Assest/Fonts/MozillaHeadline_Condensed-Medium.ttf"; sourceTree = "<group>"; fileEncoding = undefined; lastKnownFileType = unknown; explicitFileType = undefined; includeInIndex = 0; };
		208E1C71F7DE4D50A2DDD3C0 /* MozillaHeadline_Condensed-Regular.ttf */ = {isa = PBXFileReference; name = "MozillaHeadline_Condensed-Regular.ttf"; path = "../Assest/Fonts/MozillaHeadline_Condensed-Regular.ttf"; sourceTree = "<group>"; fileEncoding = undefined; lastKnownFileType = unknown; explicitFileType = undefined; includeInIndex = 0; };
		8981C4AF13E149AC9F0F47C3 /* MozillaHeadline_Condensed-SemiBold.ttf */ = {isa = PBXFileReference; name = "MozillaHeadline_Condensed-SemiBold.ttf"; path = "../Assest/Fonts/MozillaHeadline_Condensed-SemiBold.ttf"; sourceTree = "<group>"; fileEncoding = undefined; lastKnownFileType = unknown; explicitFileType = undefined; includeInIndex = 0; };
		F519E519F4B4449AA10A87F0 /* MozillaHeadline_Expanded-Bold.ttf */ = {isa = PBXFileReference; name = "MozillaHeadline_Expanded-Bold.ttf"; path = "../Assest/Fonts/MozillaHeadline_Expanded-Bold.ttf"; sourceTree = "<group>"; fileEncoding = undefined; lastKnownFileType = unknown; explicitFileType = undefined; includeInIndex = 0; };
		7352ADC8BB484501A02E3ADD /* MozillaHeadline_Expanded-ExtraLight.ttf */ = {isa = PBXFileReference; name = "MozillaHeadline_Expanded-ExtraLight.ttf"; path = "../Assest/Fonts/MozillaHeadline_Expanded-ExtraLight.ttf"; sourceTree = "<group>"; fileEncoding = undefined; lastKnownFileType = unknown; explicitFileType = undefined; includeInIndex = 0; };
		14D5AB193578495F8F6E46E5 /* MozillaHeadline_Expanded-Light.ttf */ = {isa = PBXFileReference; name = "MozillaHeadline_Expanded-Light.ttf"; path = "../Assest/Fonts/MozillaHeadline_Expanded-Light.ttf"; sourceTree = "<group>"; fileEncoding = undefined; lastKnownFileType = unknown; explicitFileType = undefined; includeInIndex = 0; };
		E79F3676C06C4689A13D99E0 /* MozillaHeadline_Expanded-Medium.ttf */ = {isa = PBXFileReference; name = "MozillaHeadline_Expanded-Medium.ttf"; path = "../Assest/Fonts/MozillaHeadline_Expanded-Medium.ttf"; sourceTree = "<group>"; fileEncoding = undefined; lastKnownFileType = unknown; explicitFileType = undefined; includeInIndex = 0; };
		07B688AFFD9C486289444CB0 /* MozillaHeadline_Expanded-Regular.ttf */ = {isa = PBXFileReference; name = "MozillaHeadline_Expanded-Regular.ttf"; path = "../Assest/Fonts/MozillaHeadline_Expanded-Regular.ttf"; sourceTree = "<group>"; fileEncoding = undefined; lastKnownFileType = unknown; explicitFileType = undefined; includeInIndex = 0; };
		4AC56DD9B29943E0B7BE0023 /* MozillaHeadline_Expanded-SemiBold.ttf */ = {isa = PBXFileReference; name = "MozillaHeadline_Expanded-SemiBold.ttf"; path = "../Assest/Fonts/MozillaHeadline_Expanded-SemiBold.ttf"; sourceTree = "<group>"; fileEncoding = undefined; lastKnownFileType = unknown; explicitFileType = undefined; includeInIndex = 0; };
		0EA742862C734381BF4BBC67 /* MozillaHeadline_SemiCondensed-Bold.ttf */ = {isa = PBXFileReference; name = "MozillaHeadline_SemiCondensed-Bold.ttf"; path = "../Assest/Fonts/MozillaHeadline_SemiCondensed-Bold.ttf"; sourceTree = "<group>"; fileEncoding = undefined; lastKnownFileType = unknown; explicitFileType = undefined; includeInIndex = 0; };
		36DC744A647C40318B8303EE /* MozillaHeadline_SemiCondensed-ExtraLight.ttf */ = {isa = PBXFileReference; name = "MozillaHeadline_SemiCondensed-ExtraLight.ttf"; path = "../Assest/Fonts/MozillaHeadline_SemiCondensed-ExtraLight.ttf"; sourceTree = "<group>"; fileEncoding = undefined; lastKnownFileType = unknown; explicitFileType = undefined; includeInIndex = 0; };
		549F1F23472A47118E3B6C75 /* MozillaHeadline_SemiCondensed-Light.ttf */ = {isa = PBXFileReference; name = "MozillaHeadline_SemiCondensed-Light.ttf"; path = "../Assest/Fonts/MozillaHeadline_SemiCondensed-Light.ttf"; sourceTree = "<group>"; fileEncoding = undefined; lastKnownFileType = unknown; explicitFileType = undefined; includeInIndex = 0; };
		6BFA71AA3C5343A9A1C8A477 /* MozillaHeadline_SemiCondensed-Medium.ttf */ = {isa = PBXFileReference; name = "MozillaHeadline_SemiCondensed-Medium.ttf"; path = "../Assest/Fonts/MozillaHeadline_SemiCondensed-Medium.ttf"; sourceTree = "<group>"; fileEncoding = undefined; lastKnownFileType = unknown; explicitFileType = undefined; includeInIndex = 0; };
		FC4CDAF0B1C6484B907618DD /* MozillaHeadline_SemiCondensed-Regular.ttf */ = {isa = PBXFileReference; name = "MozillaHeadline_SemiCondensed-Regular.ttf"; path = "../Assest/Fonts/MozillaHeadline_SemiCondensed-Regular.ttf"; sourceTree = "<group>"; fileEncoding = undefined; lastKnownFileType = unknown; explicitFileType = undefined; includeInIndex = 0; };
		B44FFC8704D84926BD7508E6 /* MozillaHeadline_SemiCondensed-SemiBold.ttf */ = {isa = PBXFileReference; name = "MozillaHeadline_SemiCondensed-SemiBold.ttf"; path = "../Assest/Fonts/MozillaHeadline_SemiCondensed-SemiBold.ttf"; sourceTree = "<group>"; fileEncoding = undefined; lastKnownFileType = unknown; explicitFileType = undefined; includeInIndex = 0; };
		90CDBEB1BBED42FDBD04FB8E /* MozillaHeadline_SemiExpanded-Bold.ttf */ = {isa = PBXFileReference; name = "MozillaHeadline_SemiExpanded-Bold.ttf"; path = "../Assest/Fonts/MozillaHeadline_SemiExpanded-Bold.ttf"; sourceTree = "<group>"; fileEncoding = undefined; lastKnownFileType = unknown; explicitFileType = undefined; includeInIndex = 0; };
		A9E3136D852447449B7A05AF /* MozillaHeadline_SemiExpanded-ExtraLight.ttf */ = {isa = PBXFileReference; name = "MozillaHeadline_SemiExpanded-ExtraLight.ttf"; path = "../Assest/Fonts/MozillaHeadline_SemiExpanded-ExtraLight.ttf"; sourceTree = "<group>"; fileEncoding = undefined; lastKnownFileType = unknown; explicitFileType = undefined; includeInIndex = 0; };
		6035E0B900D846A2B81B782E /* MozillaHeadline_SemiExpanded-Light.ttf */ = {isa = PBXFileReference; name = "MozillaHeadline_SemiExpanded-Light.ttf"; path = "../Assest/Fonts/MozillaHeadline_SemiExpanded-Light.ttf"; sourceTree = "<group>"; fileEncoding = undefined; lastKnownFileType = unknown; explicitFileType = undefined; includeInIndex = 0; };
		1BE68D3E58E5484AA2EAF335 /* MozillaHeadline_SemiExpanded-Medium.ttf */ = {isa = PBXFileReference; name = "MozillaHeadline_SemiExpanded-Medium.ttf"; path = "../Assest/Fonts/MozillaHeadline_SemiExpanded-Medium.ttf"; sourceTree = "<group>"; fileEncoding = undefined; lastKnownFileType = unknown; explicitFileType = undefined; includeInIndex = 0; };
		0245BC4185664B61BD25A6B3 /* MozillaHeadline_SemiExpanded-Regular.ttf */ = {isa = PBXFileReference; name = "MozillaHeadline_SemiExpanded-Regular.ttf"; path = "../Assest/Fonts/MozillaHeadline_SemiExpanded-Regular.ttf"; sourceTree = "<group>"; fileEncoding = undefined; lastKnownFileType = unknown; explicitFileType = undefined; includeInIndex = 0; };
		8811346FF3B94E049BA2EAE8 /* MozillaHeadline_SemiExpanded-SemiBold.ttf */ = {isa = PBXFileReference; name = "MozillaHeadline_SemiExpanded-SemiBold.ttf"; path = "../Assest/Fonts/MozillaHeadline_SemiExpanded-SemiBold.ttf"; sourceTree = "<group>"; fileEncoding = undefined; lastKnownFileType = unknown; explicitFileType = undefined; includeInIndex = 0; };
/* End PBXFileReference section */

/* Begin PBXFrameworksBuildPhase section */
		13B07F8C1A680F5B00A75B9A /* Frameworks */ = {
			isa = PBXFrameworksBuildPhase;
			buildActionMask = 2147483647;
			files = (
				0C80B921A6F3F58F76C31292 /* libPods-ZapTasks.a in Frameworks */,
			);
			runOnlyForDeploymentPostprocessing = 0;
		};
/* End PBXFrameworksBuildPhase section */

/* Begin PBXGroup section */
		13B07FAE1A68108700A75B9A /* ZapTasks */ = {
			isa = PBXGroup;
			children = (
				13B07FB51A68108700A75B9A /* Images.xcassets */,
				761780EC2CA45674006654EE /* AppDelegate.swift */,
				13B07FB61A68108700A75B9A /* Info.plist */,
				81AB9BB72411601600AC10FF /* LaunchScreen.storyboard */,
				13B07FB81A68108700A75B9A /* PrivacyInfo.xcprivacy */,
			);
			name = ZapTasks;
			sourceTree = "<group>";
		};
		2D16E6871FA4F8E400B85C8A /* Frameworks */ = {
			isa = PBXGroup;
			children = (
				ED297162215061F000B7C4FE /* JavaScriptCore.framework */,
				5DCACB8F33CDC322A6C60F78 /* libPods-ZapTasks.a */,
			);
			name = Frameworks;
			sourceTree = "<group>";
		};
		832341AE1AAA6A7D00B99B32 /* Libraries */ = {
			isa = PBXGroup;
			children = (
			);
			name = Libraries;
			sourceTree = "<group>";
		};
		83CBB9F61A601CBA00E9B192 = {
			isa = PBXGroup;
			children = (
				13B07FAE1A68108700A75B9A /* ZapTasks */,
				832341AE1AAA6A7D00B99B32 /* Libraries */,
				83CBBA001A601CBA00E9B192 /* Products */,
				2D16E6871FA4F8E400B85C8A /* Frameworks */,
				BBD78D7AC51CEA395F1C20DB /* Pods */,
				51E216ED023E4340A476AEA2 /* Resources */,
			);
			indentWidth = 2;
			sourceTree = "<group>";
			tabWidth = 2;
			usesTabs = 0;
		};
		83CBBA001A601CBA00E9B192 /* Products */ = {
			isa = PBXGroup;
			children = (
				13B07F961A680F5B00A75B9A /* ZapTasks.app */,
			);
			name = Products;
			sourceTree = "<group>";
		};
		BBD78D7AC51CEA395F1C20DB /* Pods */ = {
			isa = PBXGroup;
			children = (
				3B4392A12AC88292D35C810B /* Pods-ZapTasks.debug.xcconfig */,
				5709B34CF0A7D63546082F79 /* Pods-ZapTasks.release.xcconfig */,
			);
			path = Pods;
			sourceTree = "<group>";
		};
		51E216ED023E4340A476AEA2 /* Resources */ = {
			isa = "PBXGroup";
			children = (
				261FEE3BEBA14DF4BD187663 /* MozillaHeadline-Bold.ttf */,
				396532FCD8ED4FD9987CCF71 /* MozillaHeadline-ExtraLight.ttf */,
				778BDA97B5804038A626C2A6 /* MozillaHeadline-Light.ttf */,
				CA150751BF8F4801870207B9 /* MozillaHeadline-Medium.ttf */,
				4170F1010E46499192C3B299 /* MozillaHeadline-Regular.ttf */,
				0954997582734052A3434815 /* MozillaHeadline-SemiBold.ttf */,
				FC0097AE00A041AA86B6DD90 /* MozillaHeadline_Condensed-Bold.ttf */,
				D8BE2CB62C104B20B4E1BB9A /* MozillaHeadline_Condensed-ExtraLight.ttf */,
				CD4FFDE16C7E4E24825C105B /* MozillaHeadline_Condensed-Light.ttf */,
				789EAAAF41F04EACB1C83797 /* MozillaHeadline_Condensed-Medium.ttf */,
				208E1C71F7DE4D50A2DDD3C0 /* MozillaHeadline_Condensed-Regular.ttf */,
				8981C4AF13E149AC9F0F47C3 /* MozillaHeadline_Condensed-SemiBold.ttf */,
				F519E519F4B4449AA10A87F0 /* MozillaHeadline_Expanded-Bold.ttf */,
				7352ADC8BB484501A02E3ADD /* MozillaHeadline_Expanded-ExtraLight.ttf */,
				14D5AB193578495F8F6E46E5 /* MozillaHeadline_Expanded-Light.ttf */,
				E79F3676C06C4689A13D99E0 /* MozillaHeadline_Expanded-Medium.ttf */,
				07B688AFFD9C486289444CB0 /* MozillaHeadline_Expanded-Regular.ttf */,
				4AC56DD9B29943E0B7BE0023 /* MozillaHeadline_Expanded-SemiBold.ttf */,
				0EA742862C734381BF4BBC67 /* MozillaHeadline_SemiCondensed-Bold.ttf */,
				36DC744A647C40318B8303EE /* MozillaHeadline_SemiCondensed-ExtraLight.ttf */,
				549F1F23472A47118E3B6C75 /* MozillaHeadline_SemiCondensed-Light.ttf */,
				6BFA71AA3C5343A9A1C8A477 /* MozillaHeadline_SemiCondensed-Medium.ttf */,
				FC4CDAF0B1C6484B907618DD /* MozillaHeadline_SemiCondensed-Regular.ttf */,
				B44FFC8704D84926BD7508E6 /* MozillaHeadline_SemiCondensed-SemiBold.ttf */,
				90CDBEB1BBED42FDBD04FB8E /* MozillaHeadline_SemiExpanded-Bold.ttf */,
				A9E3136D852447449B7A05AF /* MozillaHeadline_SemiExpanded-ExtraLight.ttf */,
				6035E0B900D846A2B81B782E /* MozillaHeadline_SemiExpanded-Light.ttf */,
				1BE68D3E58E5484AA2EAF335 /* MozillaHeadline_SemiExpanded-Medium.ttf */,
				0245BC4185664B61BD25A6B3 /* MozillaHeadline_SemiExpanded-Regular.ttf */,
				8811346FF3B94E049BA2EAE8 /* MozillaHeadline_SemiExpanded-SemiBold.ttf */,
			);
			name = Resources;
			sourceTree = "<group>";
			path = "";
		};
/* End PBXGroup section */

/* Begin PBXNativeTarget section */
		13B07F861A680F5B00A75B9A /* ZapTasks */ = {
			isa = PBXNativeTarget;
			buildConfigurationList = 13B07F931A680F5B00A75B9A /* Build configuration list for PBXNativeTarget "ZapTasks" */;
			buildPhases = (
				C38B50BA6285516D6DCD4F65 /* [CP] Check Pods Manifest.lock */,
				13B07F871A680F5B00A75B9A /* Sources */,
				13B07F8C1A680F5B00A75B9A /* Frameworks */,
				13B07F8E1A680F5B00A75B9A /* Resources */,
				00DD1BFF1BD5951E006B06BC /* Bundle React Native code and images */,
				00EEFC60759A1932668264C0 /* [CP] Embed Pods Frameworks */,
				E235C05ADACE081382539298 /* [CP] Copy Pods Resources */,
			);
			buildRules = (
			);
			dependencies = (
			);
			name = ZapTasks;
			productName = ZapTasks;
			productReference = 13B07F961A680F5B00A75B9A /* ZapTasks.app */;
			productType = "com.apple.product-type.application";
		};
/* End PBXNativeTarget section */

/* Begin PBXProject section */
		83CBB9F71A601CBA00E9B192 /* Project object */ = {
			isa = PBXProject;
			attributes = {
				LastUpgradeCheck = 1210;
				TargetAttributes = {
					13B07F861A680F5B00A75B9A = {
						LastSwiftMigration = 1120;
					};
				};
			};
			buildConfigurationList = 83CBB9FA1A601CBA00E9B192 /* Build configuration list for PBXProject "ZapTasks" */;
			compatibilityVersion = "Xcode 12.0";
			developmentRegion = en;
			hasScannedForEncodings = 0;
			knownRegions = (
				en,
				Base,
			);
			mainGroup = 83CBB9F61A601CBA00E9B192;
			productRefGroup = 83CBBA001A601CBA00E9B192 /* Products */;
			projectDirPath = "";
			projectRoot = "";
			targets = (
				13B07F861A680F5B00A75B9A /* ZapTasks */,
			);
		};
/* End PBXProject section */

/* Begin PBXResourcesBuildPhase section */
		13B07F8E1A680F5B00A75B9A /* Resources */ = {
			isa = PBXResourcesBuildPhase;
			buildActionMask = 2147483647;
			files = (
				81AB9BB82411601600AC10FF /* LaunchScreen.storyboard in Resources */,
				13B07FBF1A68108700A75B9A /* Images.xcassets in Resources */,
				94CB6930E95648ABBC271E08 /* MozillaHeadline-Bold.ttf in Resources */,
				999414CF27614BB184FD8511 /* MozillaHeadline-ExtraLight.ttf in Resources */,
				B4C77DA917BD434D8B6A90A1 /* MozillaHeadline-Light.ttf in Resources */,
				99438DF0147E442C9F6A629A /* MozillaHeadline-Medium.ttf in Resources */,
				1E082AA9F3B142FE85763E66 /* MozillaHeadline-Regular.ttf in Resources */,
				696959B4D92F45CE81F0782F /* MozillaHeadline-SemiBold.ttf in Resources */,
				C3A582B3692D454185E19FC8 /* MozillaHeadline_Condensed-Bold.ttf in Resources */,
				4035C92319DA419C9E3CA575 /* MozillaHeadline_Condensed-ExtraLight.ttf in Resources */,
				3C7A243FDBF845828CB59C0C /* MozillaHeadline_Condensed-Light.ttf in Resources */,
				6E4132834FEC44309511E0AB /* MozillaHeadline_Condensed-Medium.ttf in Resources */,
				ED88FFB6CB8443B8A7E12965 /* MozillaHeadline_Condensed-Regular.ttf in Resources */,
				D42B6467A61B420EBEC48A08 /* MozillaHeadline_Condensed-SemiBold.ttf in Resources */,
				2D04E0EDD0854E399A9748B1 /* MozillaHeadline_Expanded-Bold.ttf in Resources */,
				C7F6CEC9D2A9422DAB281F36 /* MozillaHeadline_Expanded-ExtraLight.ttf in Resources */,
				1455448A5C3242A2B97D9751 /* MozillaHeadline_Expanded-Light.ttf in Resources */,
				F3024F59C3DC4B7991CD852F /* MozillaHeadline_Expanded-Medium.ttf in Resources */,
				A448F016442941D58DDB59FB /* MozillaHeadline_Expanded-Regular.ttf in Resources */,
				2D415B178D984D8392DA203F /* MozillaHeadline_Expanded-SemiBold.ttf in Resources */,
				E93C0296335F427C86AD1501 /* MozillaHeadline_SemiCondensed-Bold.ttf in Resources */,
				71D78A8689AE40CC8F25BCF1 /* MozillaHeadline_SemiCondensed-ExtraLight.ttf in Resources */,
				D6EB7627BB8B411CBF926FF9 /* MozillaHeadline_SemiCondensed-Light.ttf in Resources */,
				F46D41A462CF472CAF7718A4 /* MozillaHeadline_SemiCondensed-Medium.ttf in Resources */,
				0679EDE73C944665A6BD5713 /* MozillaHeadline_SemiCondensed-Regular.ttf in Resources */,
				428670A6D0BD4E3D850F32BF /* MozillaHeadline_SemiCondensed-SemiBold.ttf in Resources */,
				214BA5C5343046F79ABC2A11 /* MozillaHeadline_SemiExpanded-Bold.ttf in Resources */,
				1E50730C70F94E1CB329A417 /* MozillaHeadline_SemiExpanded-ExtraLight.ttf in Resources */,
				9A05F84F3CCE47AA8E4C1838 /* MozillaHeadline_SemiExpanded-Light.ttf in Resources */,
				D3D222AF9CEF4CBA8D76BE32 /* MozillaHeadline_SemiExpanded-Medium.ttf in Resources */,
				A02E21CEE47740178EB3A25E /* MozillaHeadline_SemiExpanded-Regular.ttf in Resources */,
				A60FBAEB293B4FB98F6C75DF /* MozillaHeadline_SemiExpanded-SemiBold.ttf in Resources */,
			);
			runOnlyForDeploymentPostprocessing = 0;
		};
/* End PBXResourcesBuildPhase section */

/* Begin PBXShellScriptBuildPhase section */
		00DD1BFF1BD5951E006B06BC /* Bundle React Native code and images */ = {
			isa = PBXShellScriptBuildPhase;
			buildActionMask = 2147483647;
			files = (
			);
			inputPaths = (
				"$(SRCROOT)/.xcode.env.local",
				"$(SRCROOT)/.xcode.env",
			);
			name = "Bundle React Native code and images";
			outputPaths = (
			);
			runOnlyForDeploymentPostprocessing = 0;
			shellPath = /bin/sh;
			shellScript = "set -e\n\nWITH_ENVIRONMENT=\"$REACT_NATIVE_PATH/scripts/xcode/with-environment.sh\"\nREACT_NATIVE_XCODE=\"$REACT_NATIVE_PATH/scripts/react-native-xcode.sh\"\n\n/bin/sh -c \"$WITH_ENVIRONMENT $REACT_NATIVE_XCODE\"\n";
		};
		00EEFC60759A1932668264C0 /* [CP] Embed Pods Frameworks */ = {
			isa = PBXShellScriptBuildPhase;
			buildActionMask = 2147483647;
			files = (
			);
			inputFileListPaths = (
				"${PODS_ROOT}/Target Support Files/Pods-ZapTasks/Pods-ZapTasks-frameworks-${CONFIGURATION}-input-files.xcfilelist",
			);
			name = "[CP] Embed Pods Frameworks";
			outputFileListPaths = (
				"${PODS_ROOT}/Target Support Files/Pods-ZapTasks/Pods-ZapTasks-frameworks-${CONFIGURATION}-output-files.xcfilelist",
			);
			runOnlyForDeploymentPostprocessing = 0;
			shellPath = /bin/sh;
			shellScript = "\"${PODS_ROOT}/Target Support Files/Pods-ZapTasks/Pods-ZapTasks-frameworks.sh\"\n";
			showEnvVarsInLog = 0;
		};
		C38B50BA6285516D6DCD4F65 /* [CP] Check Pods Manifest.lock */ = {
			isa = PBXShellScriptBuildPhase;
			buildActionMask = 2147483647;
			files = (
			);
			inputFileListPaths = (
			);
			inputPaths = (
				"${PODS_PODFILE_DIR_PATH}/Podfile.lock",
				"${PODS_ROOT}/Manifest.lock",
			);
			name = "[CP] Check Pods Manifest.lock";
			outputFileListPaths = (
			);
			outputPaths = (
				"$(DERIVED_FILE_DIR)/Pods-ZapTasks-checkManifestLockResult.txt",
			);
			runOnlyForDeploymentPostprocessing = 0;
			shellPath = /bin/sh;
			shellScript = "diff \"${PODS_PODFILE_DIR_PATH}/Podfile.lock\" \"${PODS_ROOT}/Manifest.lock\" > /dev/null\nif [ $? != 0 ] ; then\n    # print error to STDERR\n    echo \"error: The sandbox is not in sync with the Podfile.lock. Run 'pod install' or update your CocoaPods installation.\" >&2\n    exit 1\nfi\n# This output is used by Xcode 'outputs' to avoid re-running this script phase.\necho \"SUCCESS\" > \"${SCRIPT_OUTPUT_FILE_0}\"\n";
			showEnvVarsInLog = 0;
		};
		E235C05ADACE081382539298 /* [CP] Copy Pods Resources */ = {
			isa = PBXShellScriptBuildPhase;
			buildActionMask = 2147483647;
			files = (
			);
			inputFileListPaths = (
				"${PODS_ROOT}/Target Support Files/Pods-ZapTasks/Pods-ZapTasks-resources-${CONFIGURATION}-input-files.xcfilelist",
			);
			name = "[CP] Copy Pods Resources";
			outputFileListPaths = (
				"${PODS_ROOT}/Target Support Files/Pods-ZapTasks/Pods-ZapTasks-resources-${CONFIGURATION}-output-files.xcfilelist",
			);
			runOnlyForDeploymentPostprocessing = 0;
			shellPath = /bin/sh;
			shellScript = "\"${PODS_ROOT}/Target Support Files/Pods-ZapTasks/Pods-ZapTasks-resources.sh\"\n";
			showEnvVarsInLog = 0;
		};
/* End PBXShellScriptBuildPhase section */

/* Begin PBXSourcesBuildPhase section */
		13B07F871A680F5B00A75B9A /* Sources */ = {
			isa = PBXSourcesBuildPhase;
			buildActionMask = 2147483647;
			files = (
				761780ED2CA45674006654EE /* AppDelegate.swift in Sources */,
			);
			runOnlyForDeploymentPostprocessing = 0;
		};
/* End PBXSourcesBuildPhase section */

/* Begin XCBuildConfiguration section */
		13B07F941A680F5B00A75B9A /* Debug */ = {
			isa = XCBuildConfiguration;
			baseConfigurationReference = 3B4392A12AC88292D35C810B /* Pods-ZapTasks.debug.xcconfig */;
			buildSettings = {
				ASSETCATALOG_COMPILER_APPICON_NAME = AppIcon;
				CLANG_ENABLE_MODULES = YES;
				CURRENT_PROJECT_VERSION = 1;
				ENABLE_BITCODE = NO;
				INFOPLIST_FILE = ZapTasks/Info.plist;
				IPHONEOS_DEPLOYMENT_TARGET = 15.1;
				LD_RUNPATH_SEARCH_PATHS = (
					"$(inherited)",
					"@executable_path/Frameworks",
				);
				MARKETING_VERSION = 1.0;
				OTHER_LDFLAGS = (
					"$(inherited)",
					"-ObjC",
					"-lc++",
				);
				PRODUCT_BUNDLE_IDENTIFIER = "org.reactjs.native.example.$(PRODUCT_NAME:rfc1034identifier)";
				PRODUCT_NAME = ZapTasks;
				SWIFT_OPTIMIZATION_LEVEL = "-Onone";
				SWIFT_VERSION = 5.0;
				VERSIONING_SYSTEM = "apple-generic";
			};
			name = Debug;
		};
		13B07F951A680F5B00A75B9A /* Release */ = {
			isa = XCBuildConfiguration;
			baseConfigurationReference = 5709B34CF0A7D63546082F79 /* Pods-ZapTasks.release.xcconfig */;
			buildSettings = {
				ASSETCATALOG_COMPILER_APPICON_NAME = AppIcon;
				CLANG_ENABLE_MODULES = YES;
				CURRENT_PROJECT_VERSION = 1;
				INFOPLIST_FILE = ZapTasks/Info.plist;
				IPHONEOS_DEPLOYMENT_TARGET = 15.1;
				LD_RUNPATH_SEARCH_PATHS = (
					"$(inherited)",
					"@executable_path/Frameworks",
				);
				MARKETING_VERSION = 1.0;
				OTHER_LDFLAGS = (
					"$(inherited)",
					"-ObjC",
					"-lc++",
				);
				PRODUCT_BUNDLE_IDENTIFIER = "org.reactjs.native.example.$(PRODUCT_NAME:rfc1034identifier)";
				PRODUCT_NAME = ZapTasks;
				SWIFT_VERSION = 5.0;
				VERSIONING_SYSTEM = "apple-generic";
			};
			name = Release;
		};
		83CBBA201A601CBA00E9B192 /* Debug */ = {
			isa = XCBuildConfiguration;
			buildSettings = {
				ALWAYS_SEARCH_USER_PATHS = NO;
				CLANG_ANALYZER_LOCALIZABILITY_NONLOCALIZED = YES;
				CLANG_CXX_LANGUAGE_STANDARD = "c++20";
				CLANG_CXX_LIBRARY = "libc++";
				CLANG_ENABLE_MODULES = YES;
				CLANG_ENABLE_OBJC_ARC = YES;
				CLANG_WARN_BLOCK_CAPTURE_AUTORELEASING = YES;
				CLANG_WARN_BOOL_CONVERSION = YES;
				CLANG_WARN_COMMA = YES;
				CLANG_WARN_CONSTANT_CONVERSION = YES;
				CLANG_WARN_DEPRECATED_OBJC_IMPLEMENTATIONS = YES;
				CLANG_WARN_DIRECT_OBJC_ISA_USAGE = YES_ERROR;
				CLANG_WARN_EMPTY_BODY = YES;
				CLANG_WARN_ENUM_CONVERSION = YES;
				CLANG_WARN_INFINITE_RECURSION = YES;
				CLANG_WARN_INT_CONVERSION = YES;
				CLANG_WARN_NON_LITERAL_NULL_CONVERSION = YES;
				CLANG_WARN_OBJC_IMPLICIT_RETAIN_SELF = YES;
				CLANG_WARN_OBJC_LITERAL_CONVERSION = YES;
				CLANG_WARN_OBJC_ROOT_CLASS = YES_ERROR;
				CLANG_WARN_QUOTED_INCLUDE_IN_FRAMEWORK_HEADER = YES;
				CLANG_WARN_RANGE_LOOP_ANALYSIS = YES;
				CLANG_WARN_STRICT_PROTOTYPES = YES;
				CLANG_WARN_SUSPICIOUS_MOVE = YES;
				CLANG_WARN_UNREACHABLE_CODE = YES;
				CLANG_WARN__DUPLICATE_METHOD_MATCH = YES;
				"CODE_SIGN_IDENTITY[sdk=iphoneos*]" = "iPhone Developer";
				COPY_PHASE_STRIP = NO;
				ENABLE_STRICT_OBJC_MSGSEND = YES;
				ENABLE_TESTABILITY = YES;
				"EXCLUDED_ARCHS[sdk=iphonesimulator*]" = "";
				GCC_C_LANGUAGE_STANDARD = gnu99;
				GCC_DYNAMIC_NO_PIC = NO;
				GCC_NO_COMMON_BLOCKS = YES;
				GCC_OPTIMIZATION_LEVEL = 0;
				GCC_PREPROCESSOR_DEFINITIONS = (
					"DEBUG=1",
					"$(inherited)",
				);
				GCC_SYMBOLS_PRIVATE_EXTERN = NO;
				GCC_WARN_64_TO_32_BIT_CONVERSION = YES;
				GCC_WARN_ABOUT_RETURN_TYPE = YES_ERROR;
				GCC_WARN_UNDECLARED_SELECTOR = YES;
				GCC_WARN_UNINITIALIZED_AUTOS = YES_AGGRESSIVE;
				GCC_WARN_UNUSED_FUNCTION = YES;
				GCC_WARN_UNUSED_VARIABLE = YES;
				IPHONEOS_DEPLOYMENT_TARGET = 15.1;
				LD_RUNPATH_SEARCH_PATHS = (
					/usr/lib/swift,
					"$(inherited)",
				);
				LIBRARY_SEARCH_PATHS = (
					"\"$(SDKROOT)/usr/lib/swift\"",
					"\"$(TOOLCHAIN_DIR)/usr/lib/swift/$(PLATFORM_NAME)\"",
					"\"$(inherited)\"",
				);
				MTL_ENABLE_DEBUG_INFO = YES;
				ONLY_ACTIVE_ARCH = YES;
				OTHER_CPLUSPLUSFLAGS = (
					"$(OTHER_CFLAGS)",
					"-DFOLLY_NO_CONFIG",
					"-DFOLLY_MOBILE=1",
					"-DFOLLY_USE_LIBCPP=1",
					"-DFOLLY_CFG_NO_COROUTINES=1",
					"-DFOLLY_HAVE_CLOCK_GETTIME=1",
				);
				SDKROOT = iphoneos;
			};
			name = Debug;
		};
		83CBBA211A601CBA00E9B192 /* Release */ = {
			isa = XCBuildConfiguration;
			buildSettings = {
				ALWAYS_SEARCH_USER_PATHS = NO;
				CLANG_ANALYZER_LOCALIZABILITY_NONLOCALIZED = YES;
				CLANG_CXX_LANGUAGE_STANDARD = "c++20";
				CLANG_CXX_LIBRARY = "libc++";
				CLANG_ENABLE_MODULES = YES;
				CLANG_ENABLE_OBJC_ARC = YES;
				CLANG_WARN_BLOCK_CAPTURE_AUTORELEASING = YES;
				CLANG_WARN_BOOL_CONVERSION = YES;
				CLANG_WARN_COMMA = YES;
				CLANG_WARN_CONSTANT_CONVERSION = YES;
				CLANG_WARN_DEPRECATED_OBJC_IMPLEMENTATIONS = YES;
				CLANG_WARN_DIRECT_OBJC_ISA_USAGE = YES_ERROR;
				CLANG_WARN_EMPTY_BODY = YES;
				CLANG_WARN_ENUM_CONVERSION = YES;
				CLANG_WARN_INFINITE_RECURSION = YES;
				CLANG_WARN_INT_CONVERSION = YES;
				CLANG_WARN_NON_LITERAL_NULL_CONVERSION = YES;
				CLANG_WARN_OBJC_IMPLICIT_RETAIN_SELF = YES;
				CLANG_WARN_OBJC_LITERAL_CONVERSION = YES;
				CLANG_WARN_OBJC_ROOT_CLASS = YES_ERROR;
				CLANG_WARN_QUOTED_INCLUDE_IN_FRAMEWORK_HEADER = YES;
				CLANG_WARN_RANGE_LOOP_ANALYSIS = YES;
				CLANG_WARN_STRICT_PROTOTYPES = YES;
				CLANG_WARN_SUSPICIOUS_MOVE = YES;
				CLANG_WARN_UNREACHABLE_CODE = YES;
				CLANG_WARN__DUPLICATE_METHOD_MATCH = YES;
				"CODE_SIGN_IDENTITY[sdk=iphoneos*]" = "iPhone Developer";
				COPY_PHASE_STRIP = YES;
				ENABLE_NS_ASSERTIONS = NO;
				ENABLE_STRICT_OBJC_MSGSEND = YES;
				"EXCLUDED_ARCHS[sdk=iphonesimulator*]" = "";
				GCC_C_LANGUAGE_STANDARD = gnu99;
				GCC_NO_COMMON_BLOCKS = YES;
				GCC_WARN_64_TO_32_BIT_CONVERSION = YES;
				GCC_WARN_ABOUT_RETURN_TYPE = YES_ERROR;
				GCC_WARN_UNDECLARED_SELECTOR = YES;
				GCC_WARN_UNINITIALIZED_AUTOS = YES_AGGRESSIVE;
				GCC_WARN_UNUSED_FUNCTION = YES;
				GCC_WARN_UNUSED_VARIABLE = YES;
				IPHONEOS_DEPLOYMENT_TARGET = 15.1;
				LD_RUNPATH_SEARCH_PATHS = (
					/usr/lib/swift,
					"$(inherited)",
				);
				LIBRARY_SEARCH_PATHS = (
					"\"$(SDKROOT)/usr/lib/swift\"",
					"\"$(TOOLCHAIN_DIR)/usr/lib/swift/$(PLATFORM_NAME)\"",
					"\"$(inherited)\"",
				);
				MTL_ENABLE_DEBUG_INFO = NO;
				OTHER_CPLUSPLUSFLAGS = (
					"$(OTHER_CFLAGS)",
					"-DFOLLY_NO_CONFIG",
					"-DFOLLY_MOBILE=1",
					"-DFOLLY_USE_LIBCPP=1",
					"-DFOLLY_CFG_NO_COROUTINES=1",
					"-DFOLLY_HAVE_CLOCK_GETTIME=1",
				);
				SDKROOT = iphoneos;
				VALIDATE_PRODUCT = YES;
			};
			name = Release;
		};
/* End XCBuildConfiguration section */

/* Begin XCConfigurationList section */
		13B07F931A680F5B00A75B9A /* Build configuration list for PBXNativeTarget "ZapTasks" */ = {
			isa = XCConfigurationList;
			buildConfigurations = (
				13B07F941A680F5B00A75B9A /* Debug */,
				13B07F951A680F5B00A75B9A /* Release */,
			);
			defaultConfigurationIsVisible = 0;
			defaultConfigurationName = Release;
		};
		83CBB9FA1A601CBA00E9B192 /* Build configuration list for PBXProject "ZapTasks" */ = {
			isa = XCConfigurationList;
			buildConfigurations = (
				83CBBA201A601CBA00E9B192 /* Debug */,
				83CBBA211A601CBA00E9B192 /* Release */,
			);
			defaultConfigurationIsVisible = 0;
			defaultConfigurationName = Release;
		};
/* End XCConfigurationList section */
	};
	rootObject = 83CBB9F71A601CBA00E9B192 /* Project object */;
}
